
Microsoft Visual Studio Solution File, Format Version 12.00
# Visual Studio 15
VisualStudioVersion = 15.0.28307.168
MinimumVisualStudioVersion = 10.0.40219.1
Project("{FAE04EC0-301F-11D3-BF4B-00C04F79EFBC}") = "DictionaryProject", "DictionaryProject\DictionaryProject.csproj", "{6162F92E-90CA-4E69-AF11-0E568D350974}"
EndProject
Global
	GlobalSection(SolutionConfigurationPlatforms) = preSolution
		Debug|Any CPU = Debug|Any CPU
		Release|Any CPU = Release|Any CPU
	EndGlobalSection
	GlobalSection(ProjectConfigurationPlatforms) = postSolution
		{6162F92E-90CA-4E69-AF11-0E568D350974}.Debug|Any CPU.ActiveCfg = Debug|Any CPU
		{6162F92E-90CA-4E69-AF11-0E568D350974}.Debug|Any CPU.Build.0 = Debug|Any CPU
		{6162F92E-90CA-4E69-AF11-0E568D350974}.Release|Any CPU.ActiveCfg = Release|Any CPU
		{6162F92E-90CA-4E69-AF11-0E568D350974}.Release|Any CPU.Build.0 = Release|Any CPU
	EndGlobalSection
	GlobalSection(SolutionProperties) = preSolution
		HideSolutionNode = FALSE
	EndGlobalSection
	GlobalSection(ExtensibilityGlobals) = postSolution
		SolutionGuid = {008B6F19-CDCC-468B-A7DE-A3137C9901EF}
	EndGlobalSection
EndGlobal
